
Microsoft Visual Studio Solution File, Format Version 12.00
# Visual Studio Version 17
VisualStudioVersion = 17.14.36429.23 d17.14
MinimumVisualStudioVersion = 10.0.40219.1
Project("{FAE04EC0-301F-11D3-BF4B-00C04F79EFBC}") = "Producer", "Producer.csproj", "{3987B129-7074-4A6A-9E5E-7BD66DD2A383}"
EndProject
Global
	GlobalSection(SolutionConfigurationPlatforms) = preSolution
		Debug|Any CPU = Debug|Any CPU
		Release|Any CPU = Release|Any CPU
	EndGlobalSection
	GlobalSection(ProjectConfigurationPlatforms) = postSolution
		{3987B129-7074-4A6A-9E5E-7BD66DD2A383}.Debug|Any CPU.ActiveCfg = Debug|Any CPU
		{3987B129-7074-4A6A-9E5E-7BD66DD2A383}.Debug|Any CPU.Build.0 = Debug|Any CPU
		{3987B129-7074-4A6A-9E5E-7BD66DD2A383}.Release|Any CPU.ActiveCfg = Release|Any CPU
		{3987B129-7074-4A6A-9E5E-7BD66DD2A383}.Release|Any CPU.Build.0 = Release|Any CPU
	EndGlobalSection
	GlobalSection(SolutionProperties) = preSolution
		HideSolutionNode = FALSE
	EndGlobalSection
	GlobalSection(ExtensibilityGlobals) = postSolution
		SolutionGuid = {E0BA3022-9BFD-4FF9-8F53-8DD72995D051}
	EndGlobalSection
EndGlobal
