
Microsoft Visual Studio Solution File, Format Version 12.00
# Visual Studio Version 17
VisualStudioVersion = 17.14.36429.23 d17.14
MinimumVisualStudioVersion = 10.0.40219.1
Project("{FAE04EC0-301F-11D3-BF4B-00C04F79EFBC}") = "Book_Store", "Book_Store.csproj", "{7F9907C7-138E-4A63-A96D-CE7352BC364D}"
EndProject
Global
	GlobalSection(SolutionConfigurationPlatforms) = preSolution
		Debug|Any CPU = Debug|Any CPU
		Release|Any CPU = Release|Any CPU
	EndGlobalSection
	GlobalSection(ProjectConfigurationPlatforms) = postSolution
		{7F9907C7-138E-4A63-A96D-CE7352BC364D}.Debug|Any CPU.ActiveCfg = Debug|Any CPU
		{7F9907C7-138E-4A63-A96D-CE7352BC364D}.Debug|Any CPU.Build.0 = Debug|Any CPU
		{7F9907C7-138E-4A63-A96D-CE7352BC364D}.Release|Any CPU.ActiveCfg = Release|Any CPU
		{7F9907C7-138E-4A63-A96D-CE7352BC364D}.Release|Any CPU.Build.0 = Release|Any CPU
	EndGlobalSection
	GlobalSection(SolutionProperties) = preSolution
		HideSolutionNode = FALSE
	EndGlobalSection
	GlobalSection(ExtensibilityGlobals) = postSolution
		SolutionGuid = {27F1E617-CD68-4698-A092-7B76A5699237}
	EndGlobalSection
EndGlobal
